
Microsoft Visual Studio Solution File, Format Version 12.00
# Visual Studio Version 16
VisualStudioVersion = 16.0.31515.178
MinimumVisualStudioVersion = 10.0.40219.1
Project("{9A19103F-16F7-4668-BE54-9A1E7A4F7556}") = "Gifski.Net", ".\Gifski.Net.csproj", "{464BEBA9-153C-40E3-91C0-9E72A304AEB8}"
EndProject
Global
	GlobalSection(SolutionConfigurationPlatforms) = preSolution
		Debug|Any CPU = Debug|Any CPU
		Release|Any CPU = Release|Any CPU
	EndGlobalSection
	GlobalSection(ProjectConfigurationPlatforms) = postSolution
		{464BEBA9-153C-40E3-91C0-9E72A304AEB8}.Debug|Any CPU.ActiveCfg = Debug|Any CPU
		{464BEBA9-153C-40E3-91C0-9E72A304AEB8}.Debug|Any CPU.Build.0 = Debug|Any CPU
		{464BEBA9-153C-40E3-91C0-9E72A304AEB8}.Release|Any CPU.ActiveCfg = Release|Any CPU
		{464BEBA9-153C-40E3-91C0-9E72A304AEB8}.Release|Any CPU.Build.0 = Release|Any CPU
	EndGlobalSection
	GlobalSection(SolutionProperties) = preSolution
		HideSolutionNode = FALSE
	EndGlobalSection
	GlobalSection(NestedProjects) = preSolution
		{464BEBA9-153C-40E3-91C0-9E72A304AEB8} = {4CE2EFEB-0C46-418C-B45A-DF087645AACD}
	EndGlobalSection
	GlobalSection(ExtensibilityGlobals) = postSolution
		SolutionGuid = {1B6BBBD5-F42A-455A-9062-31A9466C3F1C}
	EndGlobalSection
EndGlobal
